{
  "name": "adventofcode-2020",
  "version": "1.0.0",
  "lockfileVersion": 2,
  "requires": true,
  "packages": {
    "": {
      "name": "adventofcode-2020",
      "version": "1.0.0",
      "license": "ISC",
      "dependencies": {
        "string-math": "^1.2.2"
      }
    },
    "node_modules/string-math": {
      "version": "1.2.2",
      "resolved": "https://registry.npmjs.org/string-math/-/string-math-1.2.2.tgz",
      "integrity": "sha512-rfRZpMZbIy+0pepaW8iDCR+iW+GONxyi0jXfdyW4MgpFATH/Vlz+d3vt8UMu/a1RjA9xiejBDFayvTXzs/ROTw=="
    }
  },
  "dependencies": {
    "string-math": {
      "version": "1.2.2",
      "resolved": "https://registry.npmjs.org/string-math/-/string-math-1.2.2.tgz",
      "integrity": "sha512-rfRZpMZbIy+0pepaW8iDCR+iW+GONxyi0jXfdyW4MgpFATH/Vlz+d3vt8UMu/a1RjA9xiejBDFayvTXzs/ROTw=="
    }
  }
}
